{
  "name": "@sage-bionetworks/sage-angular",
  "version": "1.2.2",
  "lockfileVersion": 1,
  "requires": true,
  "dependencies": {
    "ngx-avatar": {
      "version": "4.1.0",
      "resolved": "https://registry.npmjs.org/ngx-avatar/-/ngx-avatar-4.1.0.tgz",
      "integrity": "sha512-0cIaCYOeY7tNsr9Zdg7SmgVG3Yka5mQDvYboybjP4yF47o2XO/rvkRaY98N5wtRF8FL9+OzLXfHbrvYGDGEomQ==",
      "requires": {
        "ts-md5": "^1.2.4",
        "tslib": "^2.0.0"
      },
      "dependencies": {
        "tslib": {
          "version": "2.3.1",
          "resolved": "https://registry.npmjs.org/tslib/-/tslib-2.3.1.tgz",
          "integrity": "sha512-77EbyPPpMz+FRFRuAFlWMtmgUWGe9UOG2Z25NqCwiIjRhOf5iKGuzSe5P2w1laq+FkRy4p+PCuVkJSGkzTEKVw=="
        }
      }
    },
    "ts-md5": {
      "version": "1.2.9",
      "resolved": "https://registry.npmjs.org/ts-md5/-/ts-md5-1.2.9.tgz",
      "integrity": "sha512-/Efr7ZfGf8P+d9HXh0PLQD1CDipqD8j9apCFG96pODDoEaFLxXpV4En6tAc6y3fWyfhFGrqtNBRBS+eLVIB2uQ=="
    }
  }
}
